// !$*UTF8*$!
{
	archiveVersion = 1;
	classes = {
	};
	objectVersion = 56;
	objects = {

/* Begin PBXBuildFile section */
		1AE71D9B35BA5504BBBE7F89 /* Pods_BinanceTradeHistrory_BinanceTradeHistroryUITests.framework in Frameworks */ = {isa = PBXBuildFile; fileRef = FB5D670417DB16FDEEF835E0 /* Pods_BinanceTradeHistrory_BinanceTradeHistroryUITests.framework */; };
		765C101C0E2DD6798AD0317C /* Pods_BinanceTradeHistroryTests.framework in Frameworks */ = {isa = PBXBuildFile; fileRef = 4C1DDD9240215447E07215E4 /* Pods_BinanceTradeHistroryTests.framework */; };
		CE166DD02A339E00008CA9DD /* TradeHistoryHeader.swift in Sources */ = {isa = PBXBuildFile; fileRef = CE166DCF2A339E00008CA9DD /* TradeHistoryHeader.swift */; };
		CE398DDC2A26051D001B76B1 /* AppDelegate.swift in Sources */ = {isa = PBXBuildFile; fileRef = CE398DDB2A26051D001B76B1 /* AppDelegate.swift */; };
		CE398DDE2A26051D001B76B1 /* SceneDelegate.swift in Sources */ = {isa = PBXBuildFile; fileRef = CE398DDD2A26051D001B76B1 /* SceneDelegate.swift */; };
		CE398DE02A26051D001B76B1 /* ViewController.swift in Sources */ = {isa = PBXBuildFile; fileRef = CE398DDF2A26051D001B76B1 /* ViewController.swift */; };
		CE398DE32A26051D001B76B1 /* Main.storyboard in Resources */ = {isa = PBXBuildFile; fileRef = CE398DE12A26051D001B76B1 /* Main.storyboard */; };
		CE398DE62A26051D001B76B1 /* BinanceTradeHistrory.xcdatamodeld in Sources */ = {isa = PBXBuildFile; fileRef = CE398DE42A26051D001B76B1 /* BinanceTradeHistrory.xcdatamodeld */; };
		CE398DE82A260520001B76B1 /* Assets.xcassets in Resources */ = {isa = PBXBuildFile; fileRef = CE398DE72A260520001B76B1 /* Assets.xcassets */; };
		CE398DEB2A260520001B76B1 /* LaunchScreen.storyboard in Resources */ = {isa = PBXBuildFile; fileRef = CE398DE92A260520001B76B1 /* LaunchScreen.storyboard */; };
		CE398DF62A260520001B76B1 /* BinanceTradeHistroryTests.swift in Sources */ = {isa = PBXBuildFile; fileRef = CE398DF52A260520001B76B1 /* BinanceTradeHistroryTests.swift */; };
		CE398E002A260520001B76B1 /* BinanceTradeHistroryUITests.swift in Sources */ = {isa = PBXBuildFile; fileRef = CE398DFF2A260520001B76B1 /* BinanceTradeHistroryUITests.swift */; };
		CE398E022A260520001B76B1 /* BinanceTradeHistroryUITestsLaunchTests.swift in Sources */ = {isa = PBXBuildFile; fileRef = CE398E012A260520001B76B1 /* BinanceTradeHistroryUITestsLaunchTests.swift */; };
		CE398E132A2605BD001B76B1 /* MainTabContoller.swift in Sources */ = {isa = PBXBuildFile; fileRef = CE398E122A2605BD001B76B1 /* MainTabContoller.swift */; };
		CE398E192A2606AF001B76B1 /* TradeHistroryController.swift in Sources */ = {isa = PBXBuildFile; fileRef = CE398E182A2606AF001B76B1 /* TradeHistroryController.swift */; };
		CE398E1D2A2609F3001B76B1 /* .gitignore in Resources */ = {isa = PBXBuildFile; fileRef = CE398E1C2A2609F3001B76B1 /* .gitignore */; };
		CE398E222A260A8C001B76B1 /* TradeHistoryCell.swift in Sources */ = {isa = PBXBuildFile; fileRef = CE398E212A260A8C001B76B1 /* TradeHistoryCell.swift */; };
		CE398E252A260C81001B76B1 /* UIView.swift in Sources */ = {isa = PBXBuildFile; fileRef = CE398E242A260C81001B76B1 /* UIView.swift */; };
		CE3F3CCA2A2DC8C600E8888D /* CoinListController.swift in Sources */ = {isa = PBXBuildFile; fileRef = CE3F3CC92A2DC8C600E8888D /* CoinListController.swift */; };
		CE3F3CCC2A2DC9E500E8888D /* CoinListViewModel.swift in Sources */ = {isa = PBXBuildFile; fileRef = CE3F3CCB2A2DC9E500E8888D /* CoinListViewModel.swift */; };
		CE3F3CCE2A2DCA4A00E8888D /* TickerViewModel.swift in Sources */ = {isa = PBXBuildFile; fileRef = CE3F3CCD2A2DCA4A00E8888D /* TickerViewModel.swift */; };
		CE3F3CD02A2DCBFF00E8888D /* BinanceRestService.swift in Sources */ = {isa = PBXBuildFile; fileRef = CE3F3CCF2A2DCBFF00E8888D /* BinanceRestService.swift */; };
		CE5A298D2A2DDD3800F85779 /* TickerCell.swift in Sources */ = {isa = PBXBuildFile; fileRef = CE5A298C2A2DDD3800F85779 /* TickerCell.swift */; };
		CE94AAE42A373939008A55B3 /* SettingController.swift in Sources */ = {isa = PBXBuildFile; fileRef = CE94AAE32A373939008A55B3 /* SettingController.swift */; };
		CE94AAE62A373979008A55B3 /* SettingCell.swift in Sources */ = {isa = PBXBuildFile; fileRef = CE94AAE52A373979008A55B3 /* SettingCell.swift */; };
		CE9E48432A26176100CA4E81 /* BinanceWebSocketService.swift in Sources */ = {isa = PBXBuildFile; fileRef = CE9E48422A26176100CA4E81 /* BinanceWebSocketService.swift */; };
		CE9E48452A26179B00CA4E81 /* Binance.swift in Sources */ = {isa = PBXBuildFile; fileRef = CE9E48442A26179B00CA4E81 /* Binance.swift */; };
		CEA6A5072A373DDA00A325F1 /* EditAmountController.swift in Sources */ = {isa = PBXBuildFile; fileRef = CEA6A5062A373DDA00A325F1 /* EditAmountController.swift */; };
		CEC07EFD2A265E84001F6B01 /* TradeHistoryCellViewModel.swift in Sources */ = {isa = PBXBuildFile; fileRef = CEC07EFC2A265E84001F6B01 /* TradeHistoryCellViewModel.swift */; };
		CEE2E8162A45B4F400C78D50 /* EditColorController.swift in Sources */ = {isa = PBXBuildFile; fileRef = CEE2E8152A45B4F400C78D50 /* EditColorController.swift */; };
		E9606120F69001694F75771A /* Pods_BinanceTradeHistrory.framework in Frameworks */ = {isa = PBXBuildFile; fileRef = 48BD6A6E6C8A831731D3E4C3 /* Pods_BinanceTradeHistrory.framework */; };
/* End PBXBuildFile section */

/* Begin PBXContainerItemProxy section */
		CE398DF22A260520001B76B1 /* PBXContainerItemProxy */ = {
			isa = PBXContainerItemProxy;
			containerPortal = CE398DD02A26051D001B76B1 /* Project object */;
			proxyType = 1;
			remoteGlobalIDString = CE398DD72A26051D001B76B1;
			remoteInfo = BinanceTradeHistrory;
		};
		CE398DFC2A260520001B76B1 /* PBXContainerItemProxy */ = {
			isa = PBXContainerItemProxy;
			containerPortal = CE398DD02A26051D001B76B1 /* Project object */;
			proxyType = 1;
			remoteGlobalIDString = CE398DD72A26051D001B76B1;
			remoteInfo = BinanceTradeHistrory;
		};
/* End PBXContainerItemProxy section */

/* Begin PBXFileReference section */
		0AF1B73A67C525C1EF73450D /* Pods-BinanceTradeHistroryTests.release.xcconfig */ = {isa = PBXFileReference; includeInIndex = 1; lastKnownFileType = text.xcconfig; name = "Pods-BinanceTradeHistroryTests.release.xcconfig"; path = "Target Support Files/Pods-BinanceTradeHistroryTests/Pods-BinanceTradeHistroryTests.release.xcconfig"; sourceTree = "<group>"; };
		213291D053B531E386EF6455 /* Pods-BinanceTradeHistrory-BinanceTradeHistroryUITests.debug.xcconfig */ = {isa = PBXFileReference; includeInIndex = 1; lastKnownFileType = text.xcconfig; name = "Pods-BinanceTradeHistrory-BinanceTradeHistroryUITests.debug.xcconfig"; path = "Target Support Files/Pods-BinanceTradeHistrory-BinanceTradeHistroryUITests/Pods-BinanceTradeHistrory-BinanceTradeHistroryUITests.debug.xcconfig"; sourceTree = "<group>"; };
		300344E5CC077FB38F7B2957 /* Pods-BinanceTradeHistroryTests.debug.xcconfig */ = {isa = PBXFileReference; includeInIndex = 1; lastKnownFileType = text.xcconfig; name = "Pods-BinanceTradeHistroryTests.debug.xcconfig"; path = "Target Support Files/Pods-BinanceTradeHistroryTests/Pods-BinanceTradeHistroryTests.debug.xcconfig"; sourceTree = "<group>"; };
		48BD6A6E6C8A831731D3E4C3 /* Pods_BinanceTradeHistrory.framework */ = {isa = PBXFileReference; explicitFileType = wrapper.framework; includeInIndex = 0; path = Pods_BinanceTradeHistrory.framework; sourceTree = BUILT_PRODUCTS_DIR; };
		4C1DDD9240215447E07215E4 /* Pods_BinanceTradeHistroryTests.framework */ = {isa = PBXFileReference; explicitFileType = wrapper.framework; includeInIndex = 0; path = Pods_BinanceTradeHistroryTests.framework; sourceTree = BUILT_PRODUCTS_DIR; };
		9E170BA94DD00A4E45D7AF85 /* Pods-BinanceTradeHistrory.release.xcconfig */ = {isa = PBXFileReference; includeInIndex = 1; lastKnownFileType = text.xcconfig; name = "Pods-BinanceTradeHistrory.release.xcconfig"; path = "Target Support Files/Pods-BinanceTradeHistrory/Pods-BinanceTradeHistrory.release.xcconfig"; sourceTree = "<group>"; };
		C8453A2F51A978DB3D99DA02 /* Pods-BinanceTradeHistrory.debug.xcconfig */ = {isa = PBXFileReference; includeInIndex = 1; lastKnownFileType = text.xcconfig; name = "Pods-BinanceTradeHistrory.debug.xcconfig"; path = "Target Support Files/Pods-BinanceTradeHistrory/Pods-BinanceTradeHistrory.debug.xcconfig"; sourceTree = "<group>"; };
		CE166DCF2A339E00008CA9DD /* TradeHistoryHeader.swift */ = {isa = PBXFileReference; lastKnownFileType = sourcecode.swift; path = TradeHistoryHeader.swift; sourceTree = "<group>"; };
		CE398DD82A26051D001B76B1 /* BinanceTradeHistrory.app */ = {isa = PBXFileReference; explicitFileType = wrapper.application; includeInIndex = 0; path = BinanceTradeHistrory.app; sourceTree = BUILT_PRODUCTS_DIR; };
		CE398DDB2A26051D001B76B1 /* AppDelegate.swift */ = {isa = PBXFileReference; lastKnownFileType = sourcecode.swift; path = AppDelegate.swift; sourceTree = "<group>"; };
		CE398DDD2A26051D001B76B1 /* SceneDelegate.swift */ = {isa = PBXFileReference; lastKnownFileType = sourcecode.swift; path = SceneDelegate.swift; sourceTree = "<group>"; };
		CE398DDF2A26051D001B76B1 /* ViewController.swift */ = {isa = PBXFileReference; lastKnownFileType = sourcecode.swift; path = ViewController.swift; sourceTree = "<group>"; };
		CE398DE22A26051D001B76B1 /* Base */ = {isa = PBXFileReference; lastKnownFileType = file.storyboard; name = Base; path = Base.lproj/Main.storyboard; sourceTree = "<group>"; };
		CE398DE52A26051D001B76B1 /* BinanceTradeHistrory.xcdatamodel */ = {isa = PBXFileReference; lastKnownFileType = wrapper.xcdatamodel; path = BinanceTradeHistrory.xcdatamodel; sourceTree = "<group>"; };
		CE398DE72A260520001B76B1 /* Assets.xcassets */ = {isa = PBXFileReference; lastKnownFileType = folder.assetcatalog; path = Assets.xcassets; sourceTree = "<group>"; };
		CE398DEA2A260520001B76B1 /* Base */ = {isa = PBXFileReference; lastKnownFileType = file.storyboard; name = Base; path = Base.lproj/LaunchScreen.storyboard; sourceTree = "<group>"; };
		CE398DEC2A260520001B76B1 /* Info.plist */ = {isa = PBXFileReference; lastKnownFileType = text.plist.xml; path = Info.plist; sourceTree = "<group>"; };
		CE398DF12A260520001B76B1 /* BinanceTradeHistroryTests.xctest */ = {isa = PBXFileReference; explicitFileType = wrapper.cfbundle; includeInIndex = 0; path = BinanceTradeHistroryTests.xctest; sourceTree = BUILT_PRODUCTS_DIR; };
		CE398DF52A260520001B76B1 /* BinanceTradeHistroryTests.swift */ = {isa = PBXFileReference; lastKnownFileType = sourcecode.swift; path = BinanceTradeHistroryTests.swift; sourceTree = "<group>"; };
		CE398DFB2A260520001B76B1 /* BinanceTradeHistroryUITests.xctest */ = {isa = PBXFileReference; explicitFileType = wrapper.cfbundle; includeInIndex = 0; path = BinanceTradeHistroryUITests.xctest; sourceTree = BUILT_PRODUCTS_DIR; };
		CE398DFF2A260520001B76B1 /* BinanceTradeHistroryUITests.swift */ = {isa = PBXFileReference; lastKnownFileType = sourcecode.swift; path = BinanceTradeHistroryUITests.swift; sourceTree = "<group>"; };
		CE398E012A260520001B76B1 /* BinanceTradeHistroryUITestsLaunchTests.swift */ = {isa = PBXFileReference; lastKnownFileType = sourcecode.swift; path = BinanceTradeHistroryUITestsLaunchTests.swift; sourceTree = "<group>"; };
		CE398E122A2605BD001B76B1 /* MainTabContoller.swift */ = {isa = PBXFileReference; lastKnownFileType = sourcecode.swift; path = MainTabContoller.swift; sourceTree = "<group>"; };
		CE398E182A2606AF001B76B1 /* TradeHistroryController.swift */ = {isa = PBXFileReference; lastKnownFileType = sourcecode.swift; path = TradeHistroryController.swift; sourceTree = "<group>"; };
		CE398E1C2A2609F3001B76B1 /* .gitignore */ = {isa = PBXFileReference; lastKnownFileType = text; path = .gitignore; sourceTree = "<group>"; };
		CE398E212A260A8C001B76B1 /* TradeHistoryCell.swift */ = {isa = PBXFileReference; lastKnownFileType = sourcecode.swift; path = TradeHistoryCell.swift; sourceTree = "<group>"; };
		CE398E242A260C81001B76B1 /* UIView.swift */ = {isa = PBXFileReference; lastKnownFileType = sourcecode.swift; path = UIView.swift; sourceTree = "<group>"; };
		CE3F3CC92A2DC8C600E8888D /* CoinListController.swift */ = {isa = PBXFileReference; lastKnownFileType = sourcecode.swift; path = CoinListController.swift; sourceTree = "<group>"; };
		CE3F3CCB2A2DC9E500E8888D /* CoinListViewModel.swift */ = {isa = PBXFileReference; lastKnownFileType = sourcecode.swift; path = CoinListViewModel.swift; sourceTree = "<group>"; };
		CE3F3CCD2A2DCA4A00E8888D /* TickerViewModel.swift */ = {isa = PBXFileReference; lastKnownFileType = sourcecode.swift; path = TickerViewModel.swift; sourceTree = "<group>"; };
		CE3F3CCF2A2DCBFF00E8888D /* BinanceRestService.swift */ = {isa = PBXFileReference; lastKnownFileType = sourcecode.swift; path = BinanceRestService.swift; sourceTree = "<group>"; };
		CE5A298C2A2DDD3800F85779 /* TickerCell.swift */ = {isa = PBXFileReference; lastKnownFileType = sourcecode.swift; path = TickerCell.swift; sourceTree = "<group>"; };
		CE94AAE32A373939008A55B3 /* SettingController.swift */ = {isa = PBXFileReference; lastKnownFileType = sourcecode.swift; path = SettingController.swift; sourceTree = "<group>"; };
		CE94AAE52A373979008A55B3 /* SettingCell.swift */ = {isa = PBXFileReference; lastKnownFileType = sourcecode.swift; path = SettingCell.swift; sourceTree = "<group>"; };
		CE9E48422A26176100CA4E81 /* BinanceWebSocketService.swift */ = {isa = PBXFileReference; lastKnownFileType = sourcecode.swift; path = BinanceWebSocketService.swift; sourceTree = "<group>"; };
		CE9E48442A26179B00CA4E81 /* Binance.swift */ = {isa = PBXFileReference; lastKnownFileType = sourcecode.swift; path = Binance.swift; sourceTree = "<group>"; };
		CEA6A5062A373DDA00A325F1 /* EditAmountController.swift */ = {isa = PBXFileReference; lastKnownFileType = sourcecode.swift; path = EditAmountController.swift; sourceTree = "<group>"; };
		CEC07EFC2A265E84001F6B01 /* TradeHistoryCellViewModel.swift */ = {isa = PBXFileReference; lastKnownFileType = sourcecode.swift; path = TradeHistoryCellViewModel.swift; sourceTree = "<group>"; };
		CEE2E8152A45B4F400C78D50 /* EditColorController.swift */ = {isa = PBXFileReference; lastKnownFileType = sourcecode.swift; path = EditColorController.swift; sourceTree = "<group>"; };
		FB5D670417DB16FDEEF835E0 /* Pods_BinanceTradeHistrory_BinanceTradeHistroryUITests.framework */ = {isa = PBXFileReference; explicitFileType = wrapper.framework; includeInIndex = 0; path = Pods_BinanceTradeHistrory_BinanceTradeHistroryUITests.framework; sourceTree = BUILT_PRODUCTS_DIR; };
		FC5ADA725D5ED7DD78C7421B /* Pods-BinanceTradeHistrory-BinanceTradeHistroryUITests.release.xcconfig */ = {isa = PBXFileReference; includeInIndex = 1; lastKnownFileType = text.xcconfig; name = "Pods-BinanceTradeHistrory-BinanceTradeHistroryUITests.release.xcconfig"; path = "Target Support Files/Pods-BinanceTradeHistrory-BinanceTradeHistroryUITests/Pods-BinanceTradeHistrory-BinanceTradeHistroryUITests.release.xcconfig"; sourceTree = "<group>"; };
/* End PBXFileReference section */

/* Begin PBXFrameworksBuildPhase section */
		CE398DD52A26051D001B76B1 /* Frameworks */ = {
			isa = PBXFrameworksBuildPhase;
			buildActionMask = 2147483647;
			files = (
				E9606120F69001694F75771A /* Pods_BinanceTradeHistrory.framework in Frameworks */,
			);
			runOnlyForDeploymentPostprocessing = 0;
		};
		CE398DEE2A260520001B76B1 /* Frameworks */ = {
			isa = PBXFrameworksBuildPhase;
			buildActionMask = 2147483647;
			files = (
				765C101C0E2DD6798AD0317C /* Pods_BinanceTradeHistroryTests.framework in Frameworks */,
			);
			runOnlyForDeploymentPostprocessing = 0;
		};
		CE398DF82A260520001B76B1 /* Frameworks */ = {
			isa = PBXFrameworksBuildPhase;
			buildActionMask = 2147483647;
			files = (
				1AE71D9B35BA5504BBBE7F89 /* Pods_BinanceTradeHistrory_BinanceTradeHistroryUITests.framework in Frameworks */,
			);
			runOnlyForDeploymentPostprocessing = 0;
		};
/* End PBXFrameworksBuildPhase section */

/* Begin PBXGroup section */
		016B0A3D47ADE82D74575A1D /* Frameworks */ = {
			isa = PBXGroup;
			children = (
				48BD6A6E6C8A831731D3E4C3 /* Pods_BinanceTradeHistrory.framework */,
				FB5D670417DB16FDEEF835E0 /* Pods_BinanceTradeHistrory_BinanceTradeHistroryUITests.framework */,
				4C1DDD9240215447E07215E4 /* Pods_BinanceTradeHistroryTests.framework */,
			);
			name = Frameworks;
			sourceTree = "<group>";
		};
		33945F8051257249377FC989 /* Pods */ = {
			isa = PBXGroup;
			children = (
				C8453A2F51A978DB3D99DA02 /* Pods-BinanceTradeHistrory.debug.xcconfig */,
				9E170BA94DD00A4E45D7AF85 /* Pods-BinanceTradeHistrory.release.xcconfig */,
				213291D053B531E386EF6455 /* Pods-BinanceTradeHistrory-BinanceTradeHistroryUITests.debug.xcconfig */,
				FC5ADA725D5ED7DD78C7421B /* Pods-BinanceTradeHistrory-BinanceTradeHistroryUITests.release.xcconfig */,
				300344E5CC077FB38F7B2957 /* Pods-BinanceTradeHistroryTests.debug.xcconfig */,
				0AF1B73A67C525C1EF73450D /* Pods-BinanceTradeHistroryTests.release.xcconfig */,
			);
			path = Pods;
			sourceTree = "<group>";
		};
		CE398DCF2A26051D001B76B1 = {
			isa = PBXGroup;
			children = (
				CE398E1C2A2609F3001B76B1 /* .gitignore */,
				CE398DDA2A26051D001B76B1 /* BinanceTradeHistrory */,
				CE398DF42A260520001B76B1 /* BinanceTradeHistroryTests */,
				CE398DFE2A260520001B76B1 /* BinanceTradeHistroryUITests */,
				CE398DD92A26051D001B76B1 /* Products */,
				33945F8051257249377FC989 /* Pods */,
				016B0A3D47ADE82D74575A1D /* Frameworks */,
			);
			sourceTree = "<group>";
		};
		CE398DD92A26051D001B76B1 /* Products */ = {
			isa = PBXGroup;
			children = (
				CE398DD82A26051D001B76B1 /* BinanceTradeHistrory.app */,
				CE398DF12A260520001B76B1 /* BinanceTradeHistroryTests.xctest */,
				CE398DFB2A260520001B76B1 /* BinanceTradeHistroryUITests.xctest */,
			);
			name = Products;
			sourceTree = "<group>";
		};
		CE398DDA2A26051D001B76B1 /* BinanceTradeHistrory */ = {
			isa = PBXGroup;
			children = (
				CE398E0F2A26054F001B76B1 /* Screens */,
				CE398E0E2A260546001B76B1 /* Global */,
				CE398DDB2A26051D001B76B1 /* AppDelegate.swift */,
				CE398DDD2A26051D001B76B1 /* SceneDelegate.swift */,
				CE398DDF2A26051D001B76B1 /* ViewController.swift */,
				CE398DE12A26051D001B76B1 /* Main.storyboard */,
				CE398DE72A260520001B76B1 /* Assets.xcassets */,
				CE398DE92A260520001B76B1 /* LaunchScreen.storyboard */,
				CE398DEC2A260520001B76B1 /* Info.plist */,
				CE398DE42A26051D001B76B1 /* BinanceTradeHistrory.xcdatamodeld */,
			);
			path = BinanceTradeHistrory;
			sourceTree = "<group>";
		};
		CE398DF42A260520001B76B1 /* BinanceTradeHistroryTests */ = {
			isa = PBXGroup;
			children = (
				CE398DF52A260520001B76B1 /* BinanceTradeHistroryTests.swift */,
			);
			path = BinanceTradeHistroryTests;
			sourceTree = "<group>";
		};
		CE398DFE2A260520001B76B1 /* BinanceTradeHistroryUITests */ = {
			isa = PBXGroup;
			children = (
				CE398DFF2A260520001B76B1 /* BinanceTradeHistroryUITests.swift */,
				CE398E012A260520001B76B1 /* BinanceTradeHistroryUITestsLaunchTests.swift */,
			);
			path = BinanceTradeHistroryUITests;
			sourceTree = "<group>";
		};
		CE398E0E2A260546001B76B1 /* Global */ = {
			isa = PBXGroup;
			children = (
				CE9E48412A26174200CA4E81 /* API */,
				CE398E232A260C6B001B76B1 /* Extensions */,
				CE398E172A260662001B76B1 /* Models */,
			);
			path = Global;
			sourceTree = "<group>";
		};
		CE398E0F2A26054F001B76B1 /* Screens */ = {
			isa = PBXGroup;
			children = (
				CE94AADF2A3738B8008A55B3 /* Setting */,
				CE3F3CC52A2DC88C00E8888D /* CoinList */,
				CE398E142A260642001B76B1 /* TradeHistory */,
				CE398E102A260559001B76B1 /* main */,
			);
			path = Screens;
			sourceTree = "<group>";
		};
		CE398E102A260559001B76B1 /* main */ = {
			isa = PBXGroup;
			children = (
				CE398E112A260563001B76B1 /* Controllers */,
			);
			path = main;
			sourceTree = "<group>";
		};
		CE398E112A260563001B76B1 /* Controllers */ = {
			isa = PBXGroup;
			children = (
				CE398E122A2605BD001B76B1 /* MainTabContoller.swift */,
			);
			path = Controllers;
			sourceTree = "<group>";
		};
		CE398E142A260642001B76B1 /* TradeHistory */ = {
			isa = PBXGroup;
			children = (
				CE398E202A260A5C001B76B1 /* Components */,
				CE398E162A26065A001B76B1 /* ViewModels */,
				CE398E152A260653001B76B1 /* Controllers */,
			);
			path = TradeHistory;
			sourceTree = "<group>";
		};
		CE398E152A260653001B76B1 /* Controllers */ = {
			isa = PBXGroup;
			children = (
				CE398E182A2606AF001B76B1 /* TradeHistroryController.swift */,
			);
			path = Controllers;
			sourceTree = "<group>";
		};
		CE398E162A26065A001B76B1 /* ViewModels */ = {
			isa = PBXGroup;
			children = (
				CEC07EFC2A265E84001F6B01 /* TradeHistoryCellViewModel.swift */,
			);
			path = ViewModels;
			sourceTree = "<group>";
		};
		CE398E172A260662001B76B1 /* Models */ = {
			isa = PBXGroup;
			children = (
				CE9E48442A26179B00CA4E81 /* Binance.swift */,
			);
			path = Models;
			sourceTree = "<group>";
		};
		CE398E202A260A5C001B76B1 /* Components */ = {
			isa = PBXGroup;
			children = (
				CE398E212A260A8C001B76B1 /* TradeHistoryCell.swift */,
				CE166DCF2A339E00008CA9DD /* TradeHistoryHeader.swift */,
			);
			path = Components;
			sourceTree = "<group>";
		};
		CE398E232A260C6B001B76B1 /* Extensions */ = {
			isa = PBXGroup;
			children = (
				CE398E242A260C81001B76B1 /* UIView.swift */,
			);
			path = Extensions;
			sourceTree = "<group>";
		};
		CE3F3CC52A2DC88C00E8888D /* CoinList */ = {
			isa = PBXGroup;
			children = (
				CE3F3CC82A2DC8B400E8888D /* Components */,
				CE3F3CC72A2DC8AC00E8888D /* Controllers */,
				CE3F3CC62A2DC89D00E8888D /* ViewModels */,
			);
			path = CoinList;
			sourceTree = "<group>";
		};
		CE3F3CC62A2DC89D00E8888D /* ViewModels */ = {
			isa = PBXGroup;
			children = (
				CE3F3CCB2A2DC9E500E8888D /* CoinListViewModel.swift */,
				CE3F3CCD2A2DCA4A00E8888D /* TickerViewModel.swift */,
			);
			path = ViewModels;
			sourceTree = "<group>";
		};
		CE3F3CC72A2DC8AC00E8888D /* Controllers */ = {
			isa = PBXGroup;
			children = (
				CE3F3CC92A2DC8C600E8888D /* CoinListController.swift */,
			);
			path = Controllers;
			sourceTree = "<group>";
		};
		CE3F3CC82A2DC8B400E8888D /* Components */ = {
			isa = PBXGroup;
			children = (
				CE5A298C2A2DDD3800F85779 /* TickerCell.swift */,
			);
			path = Components;
			sourceTree = "<group>";
		};
		CE94AADF2A3738B8008A55B3 /* Setting */ = {
			isa = PBXGroup;
			children = (
				CE94AAE22A3738DD008A55B3 /* Components */,
				CE94AAE12A3738D4008A55B3 /* ViewModels */,
				CE94AAE02A3738CC008A55B3 /* Controllers */,
			);
			path = Setting;
			sourceTree = "<group>";
		};
		CE94AAE02A3738CC008A55B3 /* Controllers */ = {
			isa = PBXGroup;
			children = (
				CE94AAE32A373939008A55B3 /* SettingController.swift */,
				CEA6A5062A373DDA00A325F1 /* EditAmountController.swift */,
				CEE2E8152A45B4F400C78D50 /* EditColorController.swift */,
			);
			path = Controllers;
			sourceTree = "<group>";
		};
		CE94AAE12A3738D4008A55B3 /* ViewModels */ = {
			isa = PBXGroup;
			children = (
			);
			path = ViewModels;
			sourceTree = "<group>";
		};
		CE94AAE22A3738DD008A55B3 /* Components */ = {
			isa = PBXGroup;
			children = (
				CE94AAE52A373979008A55B3 /* SettingCell.swift */,
			);
			path = Components;
			sourceTree = "<group>";
		};
		CE9E48412A26174200CA4E81 /* API */ = {
			isa = PBXGroup;
			children = (
				CE9E48422A26176100CA4E81 /* BinanceWebSocketService.swift */,
				CE3F3CCF2A2DCBFF00E8888D /* BinanceRestService.swift */,
			);
			path = API;
			sourceTree = "<group>";
		};
/* End PBXGroup section */

/* Begin PBXNativeTarget section */
		CE398DD72A26051D001B76B1 /* BinanceTradeHistrory */ = {
			isa = PBXNativeTarget;
			buildConfigurationList = CE398E052A260520001B76B1 /* Build configuration list for PBXNativeTarget "BinanceTradeHistrory" */;
			buildPhases = (
				EEFA19675A34154394E2BD84 /* [CP] Check Pods Manifest.lock */,
				CE398DD42A26051D001B76B1 /* Sources */,
				CE398DD52A26051D001B76B1 /* Frameworks */,
				CE398DD62A26051D001B76B1 /* Resources */,
				A48960D117317FCF6901CA54 /* [CP] Embed Pods Frameworks */,
			);
			buildRules = (
			);
			dependencies = (
			);
			name = BinanceTradeHistrory;
			productName = BinanceTradeHistrory;
			productReference = CE398DD82A26051D001B76B1 /* BinanceTradeHistrory.app */;
			productType = "com.apple.product-type.application";
		};
		CE398DF02A260520001B76B1 /* BinanceTradeHistroryTests */ = {
			isa = PBXNativeTarget;
			buildConfigurationList = CE398E082A260520001B76B1 /* Build configuration list for PBXNativeTarget "BinanceTradeHistroryTests" */;
			buildPhases = (
				E2BB0ADCAAC331598EB8D9D7 /* [CP] Check Pods Manifest.lock */,
				CE398DED2A260520001B76B1 /* Sources */,
				CE398DEE2A260520001B76B1 /* Frameworks */,
				CE398DEF2A260520001B76B1 /* Resources */,
			);
			buildRules = (
			);
			dependencies = (
				CE398DF32A260520001B76B1 /* PBXTargetDependency */,
			);
			name = BinanceTradeHistroryTests;
			productName = BinanceTradeHistroryTests;
			productReference = CE398DF12A260520001B76B1 /* BinanceTradeHistroryTests.xctest */;
			productType = "com.apple.product-type.bundle.unit-test";
		};
		CE398DFA2A260520001B76B1 /* BinanceTradeHistroryUITests */ = {
			isa = PBXNativeTarget;
			buildConfigurationList = CE398E0B2A260520001B76B1 /* Build configuration list for PBXNativeTarget "BinanceTradeHistroryUITests" */;
			buildPhases = (
				075CC88610712A32CB839708 /* [CP] Check Pods Manifest.lock */,
				CE398DF72A260520001B76B1 /* Sources */,
				CE398DF82A260520001B76B1 /* Frameworks */,
				CE398DF92A260520001B76B1 /* Resources */,
				3C7FFF2E21A1790F4AA5BD32 /* [CP] Embed Pods Frameworks */,
			);
			buildRules = (
			);
			dependencies = (
				CE398DFD2A260520001B76B1 /* PBXTargetDependency */,
			);
			name = BinanceTradeHistroryUITests;
			productName = BinanceTradeHistroryUITests;
			productReference = CE398DFB2A260520001B76B1 /* BinanceTradeHistroryUITests.xctest */;
			productType = "com.apple.product-type.bundle.ui-testing";
		};
/* End PBXNativeTarget section */

/* Begin PBXProject section */
		CE398DD02A26051D001B76B1 /* Project object */ = {
			isa = PBXProject;
			attributes = {
				BuildIndependentTargetsInParallel = 1;
				LastSwiftUpdateCheck = 1420;
				LastUpgradeCheck = 1420;
				TargetAttributes = {
					CE398DD72A26051D001B76B1 = {
						CreatedOnToolsVersion = 14.2;
					};
					CE398DF02A260520001B76B1 = {
						CreatedOnToolsVersion = 14.2;
						TestTargetID = CE398DD72A26051D001B76B1;
					};
					CE398DFA2A260520001B76B1 = {
						CreatedOnToolsVersion = 14.2;
						TestTargetID = CE398DD72A26051D001B76B1;
					};
				};
			};
			buildConfigurationList = CE398DD32A26051D001B76B1 /* Build configuration list for PBXProject "BinanceTradeHistrory" */;
			compatibilityVersion = "Xcode 14.0";
			developmentRegion = en;
			hasScannedForEncodings = 0;
			knownRegions = (
				en,
				Base,
			);
			mainGroup = CE398DCF2A26051D001B76B1;
			productRefGroup = CE398DD92A26051D001B76B1 /* Products */;
			projectDirPath = "";
			projectRoot = "";
			targets = (
				CE398DD72A26051D001B76B1 /* BinanceTradeHistrory */,
				CE398DF02A260520001B76B1 /* BinanceTradeHistroryTests */,
				CE398DFA2A260520001B76B1 /* BinanceTradeHistroryUITests */,
			);
		};
/* End PBXProject section */

/* Begin PBXResourcesBuildPhase section */
		CE398DD62A26051D001B76B1 /* Resources */ = {
			isa = PBXResourcesBuildPhase;
			buildActionMask = 2147483647;
			files = (
				CE398E1D2A2609F3001B76B1 /* .gitignore in Resources */,
				CE398DEB2A260520001B76B1 /* LaunchScreen.storyboard in Resources */,
				CE398DE82A260520001B76B1 /* Assets.xcassets in Resources */,
				CE398DE32A26051D001B76B1 /* Main.storyboard in Resources */,
			);
			runOnlyForDeploymentPostprocessing = 0;
		};
		CE398DEF2A260520001B76B1 /* Resources */ = {
			isa = PBXResourcesBuildPhase;
			buildActionMask = 2147483647;
			files = (
			);
			runOnlyForDeploymentPostprocessing = 0;
		};
		CE398DF92A260520001B76B1 /* Resources */ = {
			isa = PBXResourcesBuildPhase;
			buildActionMask = 2147483647;
			files = (
			);
			runOnlyForDeploymentPostprocessing = 0;
		};
/* End PBXResourcesBuildPhase section */

/* Begin PBXShellScriptBuildPhase section */
		075CC88610712A32CB839708 /* [CP] Check Pods Manifest.lock */ = {
			isa = PBXShellScriptBuildPhase;
			buildActionMask = 2147483647;
			files = (
			);
			inputFileListPaths = (
			);
			inputPaths = (
				"${PODS_PODFILE_DIR_PATH}/Podfile.lock",
				"${PODS_ROOT}/Manifest.lock",
			);
			name = "[CP] Check Pods Manifest.lock";
			outputFileListPaths = (
			);
			outputPaths = (
				"$(DERIVED_FILE_DIR)/Pods-BinanceTradeHistrory-BinanceTradeHistroryUITests-checkManifestLockResult.txt",
			);
			runOnlyForDeploymentPostprocessing = 0;
			shellPath = /bin/sh;
			shellScript = "diff \"${PODS_PODFILE_DIR_PATH}/Podfile.lock\" \"${PODS_ROOT}/Manifest.lock\" > /dev/null\nif [ $? != 0 ] ; then\n    # print error to STDERR\n    echo \"error: The sandbox is not in sync with the Podfile.lock. Run 'pod install' or update your CocoaPods installation.\" >&2\n    exit 1\nfi\n# This output is used by Xcode 'outputs' to avoid re-running this script phase.\necho \"SUCCESS\" > \"${SCRIPT_OUTPUT_FILE_0}\"\n";
			showEnvVarsInLog = 0;
		};
		3C7FFF2E21A1790F4AA5BD32 /* [CP] Embed Pods Frameworks */ = {
			isa = PBXShellScriptBuildPhase;
			buildActionMask = 2147483647;
			files = (
			);
			inputFileListPaths = (
				"${PODS_ROOT}/Target Support Files/Pods-BinanceTradeHistrory-BinanceTradeHistroryUITests/Pods-BinanceTradeHistrory-BinanceTradeHistroryUITests-frameworks-${CONFIGURATION}-input-files.xcfilelist",
			);
			name = "[CP] Embed Pods Frameworks";
			outputFileListPaths = (
				"${PODS_ROOT}/Target Support Files/Pods-BinanceTradeHistrory-BinanceTradeHistroryUITests/Pods-BinanceTradeHistrory-BinanceTradeHistroryUITests-frameworks-${CONFIGURATION}-output-files.xcfilelist",
			);
			runOnlyForDeploymentPostprocessing = 0;
			shellPath = /bin/sh;
			shellScript = "\"${PODS_ROOT}/Target Support Files/Pods-BinanceTradeHistrory-BinanceTradeHistroryUITests/Pods-BinanceTradeHistrory-BinanceTradeHistroryUITests-frameworks.sh\"\n";
			showEnvVarsInLog = 0;
		};
		A48960D117317FCF6901CA54 /* [CP] Embed Pods Frameworks */ = {
			isa = PBXShellScriptBuildPhase;
			buildActionMask = 2147483647;
			files = (
			);
			inputFileListPaths = (
				"${PODS_ROOT}/Target Support Files/Pods-BinanceTradeHistrory/Pods-BinanceTradeHistrory-frameworks-${CONFIGURATION}-input-files.xcfilelist",
			);
			name = "[CP] Embed Pods Frameworks";
			outputFileListPaths = (
				"${PODS_ROOT}/Target Support Files/Pods-BinanceTradeHistrory/Pods-BinanceTradeHistrory-frameworks-${CONFIGURATION}-output-files.xcfilelist",
			);
			runOnlyForDeploymentPostprocessing = 0;
			shellPath = /bin/sh;
			shellScript = "\"${PODS_ROOT}/Target Support Files/Pods-BinanceTradeHistrory/Pods-BinanceTradeHistrory-frameworks.sh\"\n";
			showEnvVarsInLog = 0;
		};
		E2BB0ADCAAC331598EB8D9D7 /* [CP] Check Pods Manifest.lock */ = {
			isa = PBXShellScriptBuildPhase;
			buildActionMask = 2147483647;
			files = (
			);
			inputFileListPaths = (
			);
			inputPaths = (
				"${PODS_PODFILE_DIR_PATH}/Podfile.lock",
				"${PODS_ROOT}/Manifest.lock",
			);
			name = "[CP] Check Pods Manifest.lock";
			outputFileListPaths = (
			);
			outputPaths = (
				"$(DERIVED_FILE_DIR)/Pods-BinanceTradeHistroryTests-checkManifestLockResult.txt",
			);
			runOnlyForDeploymentPostprocessing = 0;
			shellPath = /bin/sh;
			shellScript = "diff \"${PODS_PODFILE_DIR_PATH}/Podfile.lock\" \"${PODS_ROOT}/Manifest.lock\" > /dev/null\nif [ $? != 0 ] ; then\n    # print error to STDERR\n    echo \"error: The sandbox is not in sync with the Podfile.lock. Run 'pod install' or update your CocoaPods installation.\" >&2\n    exit 1\nfi\n# This output is used by Xcode 'outputs' to avoid re-running this script phase.\necho \"SUCCESS\" > \"${SCRIPT_OUTPUT_FILE_0}\"\n";
			showEnvVarsInLog = 0;
		};
		EEFA19675A34154394E2BD84 /* [CP] Check Pods Manifest.lock */ = {
			isa = PBXShellScriptBuildPhase;
			buildActionMask = 2147483647;
			files = (
			);
			inputFileListPaths = (
			);
			inputPaths = (
				"${PODS_PODFILE_DIR_PATH}/Podfile.lock",
				"${PODS_ROOT}/Manifest.lock",
			);
			name = "[CP] Check Pods Manifest.lock";
			outputFileListPaths = (
			);
			outputPaths = (
				"$(DERIVED_FILE_DIR)/Pods-BinanceTradeHistrory-checkManifestLockResult.txt",
			);
			runOnlyForDeploymentPostprocessing = 0;
			shellPath = /bin/sh;
			shellScript = "diff \"${PODS_PODFILE_DIR_PATH}/Podfile.lock\" \"${PODS_ROOT}/Manifest.lock\" > /dev/null\nif [ $? != 0 ] ; then\n    # print error to STDERR\n    echo \"error: The sandbox is not in sync with the Podfile.lock. Run 'pod install' or update your CocoaPods installation.\" >&2\n    exit 1\nfi\n# This output is used by Xcode 'outputs' to avoid re-running this script phase.\necho \"SUCCESS\" > \"${SCRIPT_OUTPUT_FILE_0}\"\n";
			showEnvVarsInLog = 0;
		};
/* End PBXShellScriptBuildPhase section */

/* Begin PBXSourcesBuildPhase section */
		CE398DD42A26051D001B76B1 /* Sources */ = {
			isa = PBXSourcesBuildPhase;
			buildActionMask = 2147483647;
			files = (
				CE94AAE42A373939008A55B3 /* SettingController.swift in Sources */,
				CE398E252A260C81001B76B1 /* UIView.swift in Sources */,
				CE3F3CCC2A2DC9E500E8888D /* CoinListViewModel.swift in Sources */,
				CE398DE02A26051D001B76B1 /* ViewController.swift in Sources */,
				CE398E222A260A8C001B76B1 /* TradeHistoryCell.swift in Sources */,
				CE398DDC2A26051D001B76B1 /* AppDelegate.swift in Sources */,
				CE3F3CCE2A2DCA4A00E8888D /* TickerViewModel.swift in Sources */,
				CE398E192A2606AF001B76B1 /* TradeHistroryController.swift in Sources */,
				CE166DD02A339E00008CA9DD /* TradeHistoryHeader.swift in Sources */,
				CE94AAE62A373979008A55B3 /* SettingCell.swift in Sources */,
				CE398E132A2605BD001B76B1 /* MainTabContoller.swift in Sources */,
				CEA6A5072A373DDA00A325F1 /* EditAmountController.swift in Sources */,
				CE9E48452A26179B00CA4E81 /* Binance.swift in Sources */,
				CEE2E8162A45B4F400C78D50 /* EditColorController.swift in Sources */,
				CEC07EFD2A265E84001F6B01 /* TradeHistoryCellViewModel.swift in Sources */,
				CE3F3CD02A2DCBFF00E8888D /* BinanceRestService.swift in Sources */,
				CE3F3CCA2A2DC8C600E8888D /* CoinListController.swift in Sources */,
				CE398DDE2A26051D001B76B1 /* SceneDelegate.swift in Sources */,
				CE5A298D2A2DDD3800F85779 /* TickerCell.swift in Sources */,
				CE9E48432A26176100CA4E81 /* BinanceWebSocketService.swift in Sources */,
				CE398DE62A26051D001B76B1 /* BinanceTradeHistrory.xcdatamodeld in Sources */,
			);
			runOnlyForDeploymentPostprocessing = 0;
		};
		CE398DED2A260520001B76B1 /* Sources */ = {
			isa = PBXSourcesBuildPhase;
			buildActionMask = 2147483647;
			files = (
				CE398DF62A260520001B76B1 /* BinanceTradeHistroryTests.swift in Sources */,
			);
			runOnlyForDeploymentPostprocessing = 0;
		};
		CE398DF72A260520001B76B1 /* Sources */ = {
			isa = PBXSourcesBuildPhase;
			buildActionMask = 2147483647;
			files = (
				CE398E022A260520001B76B1 /* BinanceTradeHistroryUITestsLaunchTests.swift in Sources */,
				CE398E002A260520001B76B1 /* BinanceTradeHistroryUITests.swift in Sources */,
			);
			runOnlyForDeploymentPostprocessing = 0;
		};
/* End PBXSourcesBuildPhase section */

/* Begin PBXTargetDependency section */
		CE398DF32A260520001B76B1 /* PBXTargetDependency */ = {
			isa = PBXTargetDependency;
			target = CE398DD72A26051D001B76B1 /* BinanceTradeHistrory */;
			targetProxy = CE398DF22A260520001B76B1 /* PBXContainerItemProxy */;
		};
		CE398DFD2A260520001B76B1 /* PBXTargetDependency */ = {
			isa = PBXTargetDependency;
			target = CE398DD72A26051D001B76B1 /* BinanceTradeHistrory */;
			targetProxy = CE398DFC2A260520001B76B1 /* PBXContainerItemProxy */;
		};
/* End PBXTargetDependency section */

/* Begin PBXVariantGroup section */
		CE398DE12A26051D001B76B1 /* Main.storyboard */ = {
			isa = PBXVariantGroup;
			children = (
				CE398DE22A26051D001B76B1 /* Base */,
			);
			name = Main.storyboard;
			sourceTree = "<group>";
		};
		CE398DE92A260520001B76B1 /* LaunchScreen.storyboard */ = {
			isa = PBXVariantGroup;
			children = (
				CE398DEA2A260520001B76B1 /* Base */,
			);
			name = LaunchScreen.storyboard;
			sourceTree = "<group>";
		};
/* End PBXVariantGroup section */

/* Begin XCBuildConfiguration section */
		CE398E032A260520001B76B1 /* Debug */ = {
			isa = XCBuildConfiguration;
			buildSettings = {
				ALWAYS_SEARCH_USER_PATHS = NO;
				CLANG_ANALYZER_NONNULL = YES;
				CLANG_ANALYZER_NUMBER_OBJECT_CONVERSION = YES_AGGRESSIVE;
				CLANG_CXX_LANGUAGE_STANDARD = "gnu++20";
				CLANG_ENABLE_MODULES = YES;
				CLANG_ENABLE_OBJC_ARC = YES;
				CLANG_ENABLE_OBJC_WEAK = YES;
				CLANG_WARN_BLOCK_CAPTURE_AUTORELEASING = YES;
				CLANG_WARN_BOOL_CONVERSION = YES;
				CLANG_WARN_COMMA = YES;
				CLANG_WARN_CONSTANT_CONVERSION = YES;
				CLANG_WARN_DEPRECATED_OBJC_IMPLEMENTATIONS = YES;
				CLANG_WARN_DIRECT_OBJC_ISA_USAGE = YES_ERROR;
				CLANG_WARN_DOCUMENTATION_COMMENTS = YES;
				CLANG_WARN_EMPTY_BODY = YES;
				CLANG_WARN_ENUM_CONVERSION = YES;
				CLANG_WARN_INFINITE_RECURSION = YES;
				CLANG_WARN_INT_CONVERSION = YES;
				CLANG_WARN_NON_LITERAL_NULL_CONVERSION = YES;
				CLANG_WARN_OBJC_IMPLICIT_RETAIN_SELF = YES;
				CLANG_WARN_OBJC_LITERAL_CONVERSION = YES;
				CLANG_WARN_OBJC_ROOT_CLASS = YES_ERROR;
				CLANG_WARN_QUOTED_INCLUDE_IN_FRAMEWORK_HEADER = YES;
				CLANG_WARN_RANGE_LOOP_ANALYSIS = YES;
				CLANG_WARN_STRICT_PROTOTYPES = YES;
				CLANG_WARN_SUSPICIOUS_MOVE = YES;
				CLANG_WARN_UNGUARDED_AVAILABILITY = YES_AGGRESSIVE;
				CLANG_WARN_UNREACHABLE_CODE = YES;
				CLANG_WARN__DUPLICATE_METHOD_MATCH = YES;
				COPY_PHASE_STRIP = NO;
				DEBUG_INFORMATION_FORMAT = dwarf;
				ENABLE_STRICT_OBJC_MSGSEND = YES;
				ENABLE_TESTABILITY = YES;
				GCC_C_LANGUAGE_STANDARD = gnu11;
				GCC_DYNAMIC_NO_PIC = NO;
				GCC_NO_COMMON_BLOCKS = YES;
				GCC_OPTIMIZATION_LEVEL = 0;
				GCC_PREPROCESSOR_DEFINITIONS = (
					"DEBUG=1",
					"$(inherited)",
				);
				GCC_WARN_64_TO_32_BIT_CONVERSION = YES;
				GCC_WARN_ABOUT_RETURN_TYPE = YES_ERROR;
				GCC_WARN_UNDECLARED_SELECTOR = YES;
				GCC_WARN_UNINITIALIZED_AUTOS = YES_AGGRESSIVE;
				GCC_WARN_UNUSED_FUNCTION = YES;
				GCC_WARN_UNUSED_VARIABLE = YES;
				IPHONEOS_DEPLOYMENT_TARGET = 16.2;
				MTL_ENABLE_DEBUG_INFO = INCLUDE_SOURCE;
				MTL_FAST_MATH = YES;
				ONLY_ACTIVE_ARCH = YES;
				SDKROOT = iphoneos;
				SWIFT_ACTIVE_COMPILATION_CONDITIONS = DEBUG;
				SWIFT_OPTIMIZATION_LEVEL = "-Onone";
			};
			name = Debug;
		};
		CE398E042A260520001B76B1 /* Release */ = {
			isa = XCBuildConfiguration;
			buildSettings = {
				ALWAYS_SEARCH_USER_PATHS = NO;
				CLANG_ANALYZER_NONNULL = YES;
				CLANG_ANALYZER_NUMBER_OBJECT_CONVERSION = YES_AGGRESSIVE;
				CLANG_CXX_LANGUAGE_STANDARD = "gnu++20";
				CLANG_ENABLE_MODULES = YES;
				CLANG_ENABLE_OBJC_ARC = YES;
				CLANG_ENABLE_OBJC_WEAK = YES;
				CLANG_WARN_BLOCK_CAPTURE_AUTORELEASING = YES;
				CLANG_WARN_BOOL_CONVERSION = YES;
				CLANG_WARN_COMMA = YES;
				CLANG_WARN_CONSTANT_CONVERSION = YES;
				CLANG_WARN_DEPRECATED_OBJC_IMPLEMENTATIONS = YES;
				CLANG_WARN_DIRECT_OBJC_ISA_USAGE = YES_ERROR;
				CLANG_WARN_DOCUMENTATION_COMMENTS = YES;
				CLANG_WARN_EMPTY_BODY = YES;
				CLANG_WARN_ENUM_CONVERSION = YES;
				CLANG_WARN_INFINITE_RECURSION = YES;
				CLANG_WARN_INT_CONVERSION = YES;
				CLANG_WARN_NON_LITERAL_NULL_CONVERSION = YES;
				CLANG_WARN_OBJC_IMPLICIT_RETAIN_SELF = YES;
				CLANG_WARN_OBJC_LITERAL_CONVERSION = YES;
				CLANG_WARN_OBJC_ROOT_CLASS = YES_ERROR;
				CLANG_WARN_QUOTED_INCLUDE_IN_FRAMEWORK_HEADER = YES;
				CLANG_WARN_RANGE_LOOP_ANALYSIS = YES;
				CLANG_WARN_STRICT_PROTOTYPES = YES;
				CLANG_WARN_SUSPICIOUS_MOVE = YES;
				CLANG_WARN_UNGUARDED_AVAILABILITY = YES_AGGRESSIVE;
				CLANG_WARN_UNREACHABLE_CODE = YES;
				CLANG_WARN__DUPLICATE_METHOD_MATCH = YES;
				COPY_PHASE_STRIP = NO;
				DEBUG_INFORMATION_FORMAT = "dwarf-with-dsym";
				ENABLE_NS_ASSERTIONS = NO;
				ENABLE_STRICT_OBJC_MSGSEND = YES;
				GCC_C_LANGUAGE_STANDARD = gnu11;
				GCC_NO_COMMON_BLOCKS = YES;
				GCC_WARN_64_TO_32_BIT_CONVERSION = YES;
				GCC_WARN_ABOUT_RETURN_TYPE = YES_ERROR;
				GCC_WARN_UNDECLARED_SELECTOR = YES;
				GCC_WARN_UNINITIALIZED_AUTOS = YES_AGGRESSIVE;
				GCC_WARN_UNUSED_FUNCTION = YES;
				GCC_WARN_UNUSED_VARIABLE = YES;
				IPHONEOS_DEPLOYMENT_TARGET = 16.2;
				MTL_ENABLE_DEBUG_INFO = NO;
				MTL_FAST_MATH = YES;
				SDKROOT = iphoneos;
				SWIFT_COMPILATION_MODE = wholemodule;
				SWIFT_OPTIMIZATION_LEVEL = "-O";
				VALIDATE_PRODUCT = YES;
			};
			name = Release;
		};
		CE398E062A260520001B76B1 /* Debug */ = {
			isa = XCBuildConfiguration;
			baseConfigurationReference = C8453A2F51A978DB3D99DA02 /* Pods-BinanceTradeHistrory.debug.xcconfig */;
			buildSettings = {
				ASSETCATALOG_COMPILER_APPICON_NAME = AppIcon;
				ASSETCATALOG_COMPILER_GLOBAL_ACCENT_COLOR_NAME = AccentColor;
				CODE_SIGN_STYLE = Automatic;
				CURRENT_PROJECT_VERSION = 1;
				DEVELOPMENT_TEAM = 7L7CZY9WNN;
				GENERATE_INFOPLIST_FILE = YES;
				INFOPLIST_FILE = BinanceTradeHistrory/Info.plist;
				INFOPLIST_KEY_UIApplicationSupportsIndirectInputEvents = YES;
				INFOPLIST_KEY_UILaunchStoryboardName = LaunchScreen;
				INFOPLIST_KEY_UISupportedInterfaceOrientations_iPad = "UIInterfaceOrientationPortrait UIInterfaceOrientationPortraitUpsideDown UIInterfaceOrientationLandscapeLeft UIInterfaceOrientationLandscapeRight";
				INFOPLIST_KEY_UISupportedInterfaceOrientations_iPhone = "UIInterfaceOrientationPortrait UIInterfaceOrientationLandscapeLeft UIInterfaceOrientationLandscapeRight";
				LD_RUNPATH_SEARCH_PATHS = (
					"$(inherited)",
					"@executable_path/Frameworks",
				);
				MARKETING_VERSION = 1.0;
				PRODUCT_BUNDLE_IDENTIFIER = BinanceTradeHistrory.BinanceTradeHistrory;
				PRODUCT_NAME = "$(TARGET_NAME)";
				SWIFT_EMIT_LOC_STRINGS = YES;
				SWIFT_VERSION = 5.0;
				TARGETED_DEVICE_FAMILY = "1,2";
			};
			name = Debug;
		};
		CE398E072A260520001B76B1 /* Release */ = {
			isa = XCBuildConfiguration;
			baseConfigurationReference = 9E170BA94DD00A4E45D7AF85 /* Pods-BinanceTradeHistrory.release.xcconfig */;
			buildSettings = {
				ASSETCATALOG_COMPILER_APPICON_NAME = AppIcon;
				ASSETCATALOG_COMPILER_GLOBAL_ACCENT_COLOR_NAME = AccentColor;
				CODE_SIGN_STYLE = Automatic;
				CURRENT_PROJECT_VERSION = 1;
				DEVELOPMENT_TEAM = 7L7CZY9WNN;
				GENERATE_INFOPLIST_FILE = YES;
				INFOPLIST_FILE = BinanceTradeHistrory/Info.plist;
				INFOPLIST_KEY_UIApplicationSupportsIndirectInputEvents = YES;
				INFOPLIST_KEY_UILaunchStoryboardName = LaunchScreen;
				INFOPLIST_KEY_UISupportedInterfaceOrientations_iPad = "UIInterfaceOrientationPortrait UIInterfaceOrientationPortraitUpsideDown UIInterfaceOrientationLandscapeLeft UIInterfaceOrientationLandscapeRight";
				INFOPLIST_KEY_UISupportedInterfaceOrientations_iPhone = "UIInterfaceOrientationPortrait UIInterfaceOrientationLandscapeLeft UIInterfaceOrientationLandscapeRight";
				LD_RUNPATH_SEARCH_PATHS = (
					"$(inherited)",
					"@executable_path/Frameworks",
				);
				MARKETING_VERSION = 1.0;
				PRODUCT_BUNDLE_IDENTIFIER = BinanceTradeHistrory.BinanceTradeHistrory;
				PRODUCT_NAME = "$(TARGET_NAME)";
				SWIFT_EMIT_LOC_STRINGS = YES;
				SWIFT_VERSION = 5.0;
				TARGETED_DEVICE_FAMILY = "1,2";
			};
			name = Release;
		};
		CE398E092A260520001B76B1 /* Debug */ = {
			isa = XCBuildConfiguration;
			baseConfigurationReference = 300344E5CC077FB38F7B2957 /* Pods-BinanceTradeHistroryTests.debug.xcconfig */;
			buildSettings = {
				ALWAYS_EMBED_SWIFT_STANDARD_LIBRARIES = YES;
				BUNDLE_LOADER = "$(TEST_HOST)";
				CODE_SIGN_STYLE = Automatic;
				CURRENT_PROJECT_VERSION = 1;
				DEVELOPMENT_TEAM = 7L7CZY9WNN;
				GENERATE_INFOPLIST_FILE = YES;
				IPHONEOS_DEPLOYMENT_TARGET = 16.2;
				MARKETING_VERSION = 1.0;
				PRODUCT_BUNDLE_IDENTIFIER = BinanceTradeHistrory.BinanceTradeHistroryTests;
				PRODUCT_NAME = "$(TARGET_NAME)";
				SWIFT_EMIT_LOC_STRINGS = NO;
				SWIFT_VERSION = 5.0;
				TARGETED_DEVICE_FAMILY = "1,2";
				TEST_HOST = "$(BUILT_PRODUCTS_DIR)/BinanceTradeHistrory.app/$(BUNDLE_EXECUTABLE_FOLDER_PATH)/BinanceTradeHistrory";
			};
			name = Debug;
		};
		CE398E0A2A260520001B76B1 /* Release */ = {
			isa = XCBuildConfiguration;
			baseConfigurationReference = 0AF1B73A67C525C1EF73450D /* Pods-BinanceTradeHistroryTests.release.xcconfig */;
			buildSettings = {
				ALWAYS_EMBED_SWIFT_STANDARD_LIBRARIES = YES;
				BUNDLE_LOADER = "$(TEST_HOST)";
				CODE_SIGN_STYLE = Automatic;
				CURRENT_PROJECT_VERSION = 1;
				DEVELOPMENT_TEAM = 7L7CZY9WNN;
				GENERATE_INFOPLIST_FILE = YES;
				IPHONEOS_DEPLOYMENT_TARGET = 16.2;
				MARKETING_VERSION = 1.0;
				PRODUCT_BUNDLE_IDENTIFIER = BinanceTradeHistrory.BinanceTradeHistroryTests;
				PRODUCT_NAME = "$(TARGET_NAME)";
				SWIFT_EMIT_LOC_STRINGS = NO;
				SWIFT_VERSION = 5.0;
				TARGETED_DEVICE_FAMILY = "1,2";
				TEST_HOST = "$(BUILT_PRODUCTS_DIR)/BinanceTradeHistrory.app/$(BUNDLE_EXECUTABLE_FOLDER_PATH)/BinanceTradeHistrory";
			};
			name = Release;
		};
		CE398E0C2A260520001B76B1 /* Debug */ = {
			isa = XCBuildConfiguration;
			baseConfigurationReference = 213291D053B531E386EF6455 /* Pods-BinanceTradeHistrory-BinanceTradeHistroryUITests.debug.xcconfig */;
			buildSettings = {
				ALWAYS_EMBED_SWIFT_STANDARD_LIBRARIES = YES;
				CODE_SIGN_STYLE = Automatic;
				CURRENT_PROJECT_VERSION = 1;
				DEVELOPMENT_TEAM = 7L7CZY9WNN;
				GENERATE_INFOPLIST_FILE = YES;
				MARKETING_VERSION = 1.0;
				PRODUCT_BUNDLE_IDENTIFIER = BinanceTradeHistrory.BinanceTradeHistroryUITests;
				PRODUCT_NAME = "$(TARGET_NAME)";
				SWIFT_EMIT_LOC_STRINGS = NO;
				SWIFT_VERSION = 5.0;
				TARGETED_DEVICE_FAMILY = "1,2";
				TEST_TARGET_NAME = BinanceTradeHistrory;
			};
			name = Debug;
		};
		CE398E0D2A260520001B76B1 /* Release */ = {
			isa = XCBuildConfiguration;
			baseConfigurationReference = FC5ADA725D5ED7DD78C7421B /* Pods-BinanceTradeHistrory-BinanceTradeHistroryUITests.release.xcconfig */;
			buildSettings = {
				ALWAYS_EMBED_SWIFT_STANDARD_LIBRARIES = YES;
				CODE_SIGN_STYLE = Automatic;
				CURRENT_PROJECT_VERSION = 1;
				DEVELOPMENT_TEAM = 7L7CZY9WNN;
				GENERATE_INFOPLIST_FILE = YES;
				MARKETING_VERSION = 1.0;
				PRODUCT_BUNDLE_IDENTIFIER = BinanceTradeHistrory.BinanceTradeHistroryUITests;
				PRODUCT_NAME = "$(TARGET_NAME)";
				SWIFT_EMIT_LOC_STRINGS = NO;
				SWIFT_VERSION = 5.0;
				TARGETED_DEVICE_FAMILY = "1,2";
				TEST_TARGET_NAME = BinanceTradeHistrory;
			};
			name = Release;
		};
/* End XCBuildConfiguration section */

/* Begin XCConfigurationList section */
		CE398DD32A26051D001B76B1 /* Build configuration list for PBXProject "BinanceTradeHistrory" */ = {
			isa = XCConfigurationList;
			buildConfigurations = (
				CE398E032A260520001B76B1 /* Debug */,
				CE398E042A260520001B76B1 /* Release */,
			);
			defaultConfigurationIsVisible = 0;
			defaultConfigurationName = Release;
		};
		CE398E052A260520001B76B1 /* Build configuration list for PBXNativeTarget "BinanceTradeHistrory" */ = {
			isa = XCConfigurationList;
			buildConfigurations = (
				CE398E062A260520001B76B1 /* Debug */,
				CE398E072A260520001B76B1 /* Release */,
			);
			defaultConfigurationIsVisible = 0;
			defaultConfigurationName = Release;
		};
		CE398E082A260520001B76B1 /* Build configuration list for PBXNativeTarget "BinanceTradeHistroryTests" */ = {
			isa = XCConfigurationList;
			buildConfigurations = (
				CE398E092A260520001B76B1 /* Debug */,
				CE398E0A2A260520001B76B1 /* Release */,
			);
			defaultConfigurationIsVisible = 0;
			defaultConfigurationName = Release;
		};
		CE398E0B2A260520001B76B1 /* Build configuration list for PBXNativeTarget "BinanceTradeHistroryUITests" */ = {
			isa = XCConfigurationList;
			buildConfigurations = (
				CE398E0C2A260520001B76B1 /* Debug */,
				CE398E0D2A260520001B76B1 /* Release */,
			);
			defaultConfigurationIsVisible = 0;
			defaultConfigurationName = Release;
		};
/* End XCConfigurationList section */

/* Begin XCVersionGroup section */
		CE398DE42A26051D001B76B1 /* BinanceTradeHistrory.xcdatamodeld */ = {
			isa = XCVersionGroup;
			children = (
				CE398DE52A26051D001B76B1 /* BinanceTradeHistrory.xcdatamodel */,
			);
			currentVersion = CE398DE52A26051D001B76B1 /* BinanceTradeHistrory.xcdatamodel */;
			path = BinanceTradeHistrory.xcdatamodeld;
			sourceTree = "<group>";
			versionGroupType = wrapper.xcdatamodel;
		};
/* End XCVersionGroup section */
	};
	rootObject = CE398DD02A26051D001B76B1 /* Project object */;
}
